// !$*UTF8*$!
{
	archiveVersion = 1;
	classes = {
	};
	objectVersion = 46;
	objects = {

/* Begin PBXBuildFile section */
		A112BABA1BAB5375000585C8 /* main.m in Sources */ = {isa = PBXBuildFile; fileRef = A112BAB91BAB5375000585C8 /* main.m */; };
		A112BABD1BAB5375000585C8 /* AppDelegate.m in Sources */ = {isa = PBXBuildFile; fileRef = A112BABC1BAB5375000585C8 /* AppDelegate.m */; };
		A112BAC31BAB5375000585C8 /* Main.storyboard in Resources */ = {isa = PBXBuildFile; fileRef = A112BAC11BAB5375000585C8 /* Main.storyboard */; };
		A112BAC51BAB5375000585C8 /* Images.xcassets in Resources */ = {isa = PBXBuildFile; fileRef = A112BAC41BAB5375000585C8 /* Images.xcassets */; };
		A112BAC81BAB5375000585C8 /* LaunchScreen.xib in Resources */ = {isa = PBXBuildFile; fileRef = A112BAC61BAB5375000585C8 /* LaunchScreen.xib */; };
		A112BAD41BAB5375000585C8 /* CanvasTests.m in Sources */ = {isa = PBXBuildFile; fileRef = A112BAD31BAB5375000585C8 /* CanvasTests.m */; };
		A112BAE01BAB539A000585C8 /* MainViewController.m in Sources */ = {isa = PBXBuildFile; fileRef = A112BADE1BAB539A000585C8 /* MainViewController.m */; };
		A112BAE11BAB539A000585C8 /* MainViewController.xib in Resources */ = {isa = PBXBuildFile; fileRef = A112BADF1BAB539A000585C8 /* MainViewController.xib */; };
/* End PBXBuildFile section */

/* Begin PBXContainerItemProxy section */
		A112BACE1BAB5375000585C8 /* PBXContainerItemProxy */ = {
			isa = PBXContainerItemProxy;
			containerPortal = A112BAAC1BAB5375000585C8 /* Project object */;
			proxyType = 1;
			remoteGlobalIDString = A112BAB31BAB5375000585C8;
			remoteInfo = Canvas;
		};
/* End PBXContainerItemProxy section */

/* Begin PBXFileReference section */
		A112BAB41BAB5375000585C8 /* Canvas.app */ = {isa = PBXFileReference; explicitFileType = wrapper.application; includeInIndex = 0; path = Canvas.app; sourceTree = BUILT_PRODUCTS_DIR; };
		A112BAB81BAB5375000585C8 /* Info.plist */ = {isa = PBXFileReference; lastKnownFileType = text.plist.xml; path = Info.plist; sourceTree = "<group>"; };
		A112BAB91BAB5375000585C8 /* main.m */ = {isa = PBXFileReference; lastKnownFileType = sourcecode.c.objc; path = main.m; sourceTree = "<group>"; };
		A112BABB1BAB5375000585C8 /* AppDelegate.h */ = {isa = PBXFileReference; lastKnownFileType = sourcecode.c.h; path = AppDelegate.h; sourceTree = "<group>"; };
		A112BABC1BAB5375000585C8 /* AppDelegate.m */ = {isa = PBXFileReference; lastKnownFileType = sourcecode.c.objc; path = AppDelegate.m; sourceTree = "<group>"; };
		A112BAC21BAB5375000585C8 /* Base */ = {isa = PBXFileReference; lastKnownFileType = file.storyboard; name = Base; path = Base.lproj/Main.storyboard; sourceTree = "<group>"; };
		A112BAC41BAB5375000585C8 /* Images.xcassets */ = {isa = PBXFileReference; lastKnownFileType = folder.assetcatalog; path = Images.xcassets; sourceTree = "<group>"; };
		A112BAC71BAB5375000585C8 /* Base */ = {isa = PBXFileReference; lastKnownFileType = file.xib; name = Base; path = Base.lproj/LaunchScreen.xib; sourceTree = "<group>"; };
		A112BACD1BAB5375000585C8 /* CanvasTests.xctest */ = {isa = PBXFileReference; explicitFileType = wrapper.cfbundle; includeInIndex = 0; path = CanvasTests.xctest; sourceTree = BUILT_PRODUCTS_DIR; };
		A112BAD21BAB5375000585C8 /* Info.plist */ = {isa = PBXFileReference; lastKnownFileType = text.plist.xml; path = Info.plist; sourceTree = "<group>"; };
		A112BAD31BAB5375000585C8 /* CanvasTests.m */ = {isa = PBXFileReference; lastKnownFileType = sourcecode.c.objc; path = CanvasTests.m; sourceTree = "<group>"; };
		A112BADD1BAB539A000585C8 /* MainViewController.h */ = {isa = PBXFileReference; fileEncoding = 4; lastKnownFileType = sourcecode.c.h; path = MainViewController.h; sourceTree = "<group>"; };
		A112BADE1BAB539A000585C8 /* MainViewController.m */ = {isa = PBXFileReference; fileEncoding = 4; lastKnownFileType = sourcecode.c.objc; path = MainViewController.m; sourceTree = "<group>"; };
		A112BADF1BAB539A000585C8 /* MainViewController.xib */ = {isa = PBXFileReference; fileEncoding = 4; lastKnownFileType = file.xib; path = MainViewController.xib; sourceTree = "<group>"; };
/* End PBXFileReference section */

/* Begin PBXFrameworksBuildPhase section */
		A112BAB11BAB5375000585C8 /* Frameworks */ = {
			isa = PBXFrameworksBuildPhase;
			buildActionMask = 2147483647;
			files = (
			);
			runOnlyForDeploymentPostprocessing = 0;
		};
		A112BACA1BAB5375000585C8 /* Frameworks */ = {
			isa = PBXFrameworksBuildPhase;
			buildActionMask = 2147483647;
			files = (
			);
			runOnlyForDeploymentPostprocessing = 0;
		};
/* End PBXFrameworksBuildPhase section */

/* Begin PBXGroup section */
		A112BAAB1BAB5375000585C8 = {
			isa = PBXGroup;
			children = (
				A112BAB61BAB5375000585C8 /* Canvas */,
				A112BAD01BAB5375000585C8 /* CanvasTests */,
				A112BAB51BAB5375000585C8 /* Products */,
			);
			sourceTree = "<group>";
		};
		A112BAB51BAB5375000585C8 /* Products */ = {
			isa = PBXGroup;
			children = (
				A112BAB41BAB5375000585C8 /* Canvas.app */,
				A112BACD1BAB5375000585C8 /* CanvasTests.xctest */,
			);
			name = Products;
			sourceTree = "<group>";
		};
		A112BAB61BAB5375000585C8 /* Canvas */ = {
			isa = PBXGroup;
			children = (
				A112BABB1BAB5375000585C8 /* AppDelegate.h */,
				A112BABC1BAB5375000585C8 /* AppDelegate.m */,
				A112BAC11BAB5375000585C8 /* Main.storyboard */,
				A112BAC41BAB5375000585C8 /* Images.xcassets */,
				A112BAC61BAB5375000585C8 /* LaunchScreen.xib */,
				A112BAB71BAB5375000585C8 /* Supporting Files */,
				A112BADD1BAB539A000585C8 /* MainViewController.h */,
				A112BADE1BAB539A000585C8 /* MainViewController.m */,
				A112BADF1BAB539A000585C8 /* MainViewController.xib */,
			);
			path = Canvas;
			sourceTree = "<group>";
		};
		A112BAB71BAB5375000585C8 /* Supporting Files */ = {
			isa = PBXGroup;
			children = (
				A112BAB81BAB5375000585C8 /* Info.plist */,
				A112BAB91BAB5375000585C8 /* main.m */,
			);
			name = "Supporting Files";
			sourceTree = "<group>";
		};
		A112BAD01BAB5375000585C8 /* CanvasTests */ = {
			isa = PBXGroup;
			children = (
				A112BAD31BAB5375000585C8 /* CanvasTests.m */,
				A112BAD11BAB5375000585C8 /* Supporting Files */,
			);
			path = CanvasTests;
			sourceTree = "<group>";
		};
		A112BAD11BAB5375000585C8 /* Supporting Files */ = {
			isa = PBXGroup;
			children = (
				A112BAD21BAB5375000585C8 /* Info.plist */,
			);
			name = "Supporting Files";
			sourceTree = "<group>";
		};
/* End PBXGroup section */

/* Begin PBXNativeTarget section */
		A112BAB31BAB5375000585C8 /* Canvas */ = {
			isa = PBXNativeTarget;
			buildConfigurationList = A112BAD71BAB5375000585C8 /* Build configuration list for PBXNativeTarget "Canvas" */;
			buildPhases = (
				A112BAB01BAB5375000585C8 /* Sources */,
				A112BAB11BAB5375000585C8 /* Frameworks */,
				A112BAB21BAB5375000585C8 /* Resources */,
			);
			buildRules = (
			);
			dependencies = (
			);
			name = Canvas;
			productName = Canvas;
			productReference = A112BAB41BAB5375000585C8 /* Canvas.app */;
			productType = "com.apple.product-type.application";
		};
		A112BACC1BAB5375000585C8 /* CanvasTests */ = {
			isa = PBXNativeTarget;
			buildConfigurationList = A112BADA1BAB5375000585C8 /* Build configuration list for PBXNativeTarget "CanvasTests" */;
			buildPhases = (
				A112BAC91BAB5375000585C8 /* Sources */,
				A112BACA1BAB5375000585C8 /* Frameworks */,
				A112BACB1BAB5375000585C8 /* Resources */,
			);
			buildRules = (
			);
			dependencies = (
				A112BACF1BAB5375000585C8 /* PBXTargetDependency */,
			);
			name = CanvasTests;
			productName = CanvasTests;
			productReference = A112BACD1BAB5375000585C8 /* CanvasTests.xctest */;
			productType = "com.apple.product-type.bundle.unit-test";
		};
/* End PBXNativeTarget section */

/* Begin PBXProject section */
		A112BAAC1BAB5375000585C8 /* Project object */ = {
			isa = PBXProject;
			attributes = {
				LastUpgradeCheck = 0640;
				ORGANIZATIONNAME = "Alex Kalinin";
				TargetAttributes = {
					A112BAB31BAB5375000585C8 = {
						CreatedOnToolsVersion = 6.4;
					};
					A112BACC1BAB5375000585C8 = {
						CreatedOnToolsVersion = 6.4;
						TestTargetID = A112BAB31BAB5375000585C8;
					};
				};
			};
			buildConfigurationList = A112BAAF1BAB5375000585C8 /* Build configuration list for PBXProject "Canvas" */;
			compatibilityVersion = "Xcode 3.2";
			developmentRegion = English;
			hasScannedForEncodings = 0;
			knownRegions = (
				en,
				Base,
			);
			mainGroup = A112BAAB1BAB5375000585C8;
			productRefGroup = A112BAB51BAB5375000585C8 /* Products */;
			projectDirPath = "";
			projectRoot = "";
			targets = (
				A112BAB31BAB5375000585C8 /* Canvas */,
				A112BACC1BAB5375000585C8 /* CanvasTests */,
			);
		};
/* End PBXProject section */

/* Begin PBXResourcesBuildPhase section */
		A112BAB21BAB5375000585C8 /* Resources */ = {
			isa = PBXResourcesBuildPhase;
			buildActionMask = 2147483647;
			files = (
				A112BAC31BAB5375000585C8 /* Main.storyboard in Resources */,
				A112BAC81BAB5375000585C8 /* LaunchScreen.xib in Resources */,
				A112BAC51BAB5375000585C8 /* Images.xcassets in Resources */,
				A112BAE11BAB539A000585C8 /* MainViewController.xib in Resources */,
			);
			runOnlyForDeploymentPostprocessing = 0;
		};
		A112BACB1BAB5375000585C8 /* Resources */ = {
			isa = PBXResourcesBuildPhase;
			buildActionMask = 2147483647;
			files = (
			);
			runOnlyForDeploymentPostprocessing = 0;
		};
/* End PBXResourcesBuildPhase section */

/* Begin PBXSourcesBuildPhase section */
		A112BAB01BAB5375000585C8 /* Sources */ = {
			isa = PBXSourcesBuildPhase;
			buildActionMask = 2147483647;
			files = (
				A112BABD1BAB5375000585C8 /* AppDelegate.m in Sources */,
				A112BAE01BAB539A000585C8 /* MainViewController.m in Sources */,
				A112BABA1BAB5375000585C8 /* main.m in Sources */,
			);
			runOnlyForDeploymentPostprocessing = 0;
		};
		A112BAC91BAB5375000585C8 /* Sources */ = {
			isa = PBXSourcesBuildPhase;
			buildActionMask = 2147483647;
			files = (
				A112BAD41BAB5375000585C8 /* CanvasTests.m in Sources */,
			);
			runOnlyForDeploymentPostprocessing = 0;
		};
/* End PBXSourcesBuildPhase section */

/* Begin PBXTargetDependency section */
		A112BACF1BAB5375000585C8 /* PBXTargetDependency */ = {
			isa = PBXTargetDependency;
			target = A112BAB31BAB5375000585C8 /* Canvas */;
			targetProxy = A112BACE1BAB5375000585C8 /* PBXContainerItemProxy */;
		};
/* End PBXTargetDependency section */

/* Begin PBXVariantGroup section */
		A112BAC11BAB5375000585C8 /* Main.storyboard */ = {
			isa = PBXVariantGroup;
			children = (
				A112BAC21BAB5375000585C8 /* Base */,
			);
			name = Main.storyboard;
			sourceTree = "<group>";
		};
		A112BAC61BAB5375000585C8 /* LaunchScreen.xib */ = {
			isa = PBXVariantGroup;
			children = (
				A112BAC71BAB5375000585C8 /* Base */,
			);
			name = LaunchScreen.xib;
			sourceTree = "<group>";
		};
/* End PBXVariantGroup section */

/* Begin XCBuildConfiguration section */
		A112BAD51BAB5375000585C8 /* Debug */ = {
			isa = XCBuildConfiguration;
			buildSettings = {
				ALWAYS_SEARCH_USER_PATHS = NO;
				CLANG_CXX_LANGUAGE_STANDARD = "gnu++0x";
				CLANG_CXX_LIBRARY = "libc++";
				CLANG_ENABLE_MODULES = YES;
				CLANG_ENABLE_OBJC_ARC = YES;
				CLANG_WARN_BOOL_CONVERSION = YES;
				CLANG_WARN_CONSTANT_CONVERSION = YES;
				CLANG_WARN_DIRECT_OBJC_ISA_USAGE = YES_ERROR;
				CLANG_WARN_EMPTY_BODY = YES;
				CLANG_WARN_ENUM_CONVERSION = YES;
				CLANG_WARN_INT_CONVERSION = YES;
				CLANG_WARN_OBJC_ROOT_CLASS = YES_ERROR;
				CLANG_WARN_UNREACHABLE_CODE = YES;
				CLANG_WARN__DUPLICATE_METHOD_MATCH = YES;
				"CODE_SIGN_IDENTITY[sdk=iphoneos*]" = "iPhone Developer";
				COPY_PHASE_STRIP = NO;
				DEBUG_INFORMATION_FORMAT = "dwarf-with-dsym";
				ENABLE_STRICT_OBJC_MSGSEND = YES;
				GCC_C_LANGUAGE_STANDARD = gnu99;
				GCC_DYNAMIC_NO_PIC = NO;
				GCC_NO_COMMON_BLOCKS = YES;
				GCC_OPTIMIZATION_LEVEL = 0;
				GCC_PREPROCESSOR_DEFINITIONS = (
					"DEBUG=1",
					"$(inherited)",
				);
				GCC_SYMBOLS_PRIVATE_EXTERN = NO;
				GCC_WARN_64_TO_32_BIT_CONVERSION = YES;
				GCC_WARN_ABOUT_RETURN_TYPE = YES_ERROR;
				GCC_WARN_UNDECLARED_SELECTOR = YES;
				GCC_WARN_UNINITIALIZED_AUTOS = YES_AGGRESSIVE;
				GCC_WARN_UNUSED_FUNCTION = YES;
				GCC_WARN_UNUSED_VARIABLE = YES;
				IPHONEOS_DEPLOYMENT_TARGET = 8.4;
				MTL_ENABLE_DEBUG_INFO = YES;
				ONLY_ACTIVE_ARCH = YES;
				SDKROOT = iphoneos;
			};
			name = Debug;
		};
		A112BAD61BAB5375000585C8 /* Release */ = {
			isa = XCBuildConfiguration;
			buildSettings = {
				ALWAYS_SEARCH_USER_PATHS = NO;
				CLANG_CXX_LANGUAGE_STANDARD = "gnu++0x";
				CLANG_CXX_LIBRARY = "libc++";
				CLANG_ENABLE_MODULES = YES;
				CLANG_ENABLE_OBJC_ARC = YES;
				CLANG_WARN_BOOL_CONVERSION = YES;
				CLANG_WARN_CONSTANT_CONVERSION = YES;
				CLANG_WARN_DIRECT_OBJC_ISA_USAGE = YES_ERROR;
				CLANG_WARN_EMPTY_BODY = YES;
				CLANG_WARN_ENUM_CONVERSION = YES;
				CLANG_WARN_INT_CONVERSION = YES;
				CLANG_WARN_OBJC_ROOT_CLASS = YES_ERROR;
				CLANG_WARN_UNREACHABLE_CODE = YES;
				CLANG_WARN__DUPLICATE_METHOD_MATCH = YES;
				"CODE_SIGN_IDENTITY[sdk=iphoneos*]" = "iPhone Developer";
				COPY_PHASE_STRIP = NO;
				DEBUG_INFORMATION_FORMAT = "dwarf-with-dsym";
				ENABLE_NS_ASSERTIONS = NO;
				ENABLE_STRICT_OBJC_MSGSEND = YES;
				GCC_C_LANGUAGE_STANDARD = gnu99;
				GCC_NO_COMMON_BLOCKS = YES;
				GCC_WARN_64_TO_32_BIT_CONVERSION = YES;
				GCC_WARN_ABOUT_RETURN_TYPE = YES_ERROR;
				GCC_WARN_UNDECLARED_SELECTOR = YES;
				GCC_WARN_UNINITIALIZED_AUTOS = YES_AGGRESSIVE;
				GCC_WARN_UNUSED_FUNCTION = YES;
				GCC_WARN_UNUSED_VARIABLE = YES;
				IPHONEOS_DEPLOYMENT_TARGET = 8.4;
				MTL_ENABLE_DEBUG_INFO = NO;
				SDKROOT = iphoneos;
				VALIDATE_PRODUCT = YES;
			};
			name = Release;
		};
		A112BAD81BAB5375000585C8 /* Debug */ = {
			isa = XCBuildConfiguration;
			buildSettings = {
				ASSETCATALOG_COMPILER_APPICON_NAME = AppIcon;
				INFOPLIST_FILE = Canvas/Info.plist;
				LD_RUNPATH_SEARCH_PATHS = "$(inherited) @executable_path/Frameworks";
				PRODUCT_NAME = "$(TARGET_NAME)";
			};
			name = Debug;
		};
		A112BAD91BAB5375000585C8 /* Release */ = {
			isa = XCBuildConfiguration;
			buildSettings = {
				ASSETCATALOG_COMPILER_APPICON_NAME = AppIcon;
				INFOPLIST_FILE = Canvas/Info.plist;
				LD_RUNPATH_SEARCH_PATHS = "$(inherited) @executable_path/Frameworks";
				PRODUCT_NAME = "$(TARGET_NAME)";
			};
			name = Release;
		};
		A112BADB1BAB5375000585C8 /* Debug */ = {
			isa = XCBuildConfiguration;
			buildSettings = {
				BUNDLE_LOADER = "$(TEST_HOST)";
				FRAMEWORK_SEARCH_PATHS = (
					"$(SDKROOT)/Developer/Library/Frameworks",
					"$(inherited)",
				);
				GCC_PREPROCESSOR_DEFINITIONS = (
					"DEBUG=1",
					"$(inherited)",
				);
				INFOPLIST_FILE = CanvasTests/Info.plist;
				LD_RUNPATH_SEARCH_PATHS = "$(inherited) @executable_path/Frameworks @loader_path/Frameworks";
				PRODUCT_NAME = "$(TARGET_NAME)";
				TEST_HOST = "$(BUILT_PRODUCTS_DIR)/Canvas.app/Canvas";
			};
			name = Debug;
		};
		A112BADC1BAB5375000585C8 /* Release */ = {
			isa = XCBuildConfiguration;
			buildSettings = {
				BUNDLE_LOADER = "$(TEST_HOST)";
				FRAMEWORK_SEARCH_PATHS = (
					"$(SDKROOT)/Developer/Library/Frameworks",
					"$(inherited)",
				);
				INFOPLIST_FILE = CanvasTests/Info.plist;
				LD_RUNPATH_SEARCH_PATHS = "$(inherited) @executable_path/Frameworks @loader_path/Frameworks";
				PRODUCT_NAME = "$(TARGET_NAME)";
				TEST_HOST = "$(BUILT_PRODUCTS_DIR)/Canvas.app/Canvas";
			};
			name = Release;
		};
/* End XCBuildConfiguration section */

/* Begin XCConfigurationList section */
		A112BAAF1BAB5375000585C8 /* Build configuration list for PBXProject "Canvas" */ = {
			isa = XCConfigurationList;
			buildConfigurations = (
				A112BAD51BAB5375000585C8 /* Debug */,
				A112BAD61BAB5375000585C8 /* Release */,
			);
			defaultConfigurationIsVisible = 0;
			defaultConfigurationName = Release;
		};
		A112BAD71BAB5375000585C8 /* Build configuration list for PBXNativeTarget "Canvas" */ = {
			isa = XCConfigurationList;
			buildConfigurations = (
				A112BAD81BAB5375000585C8 /* Debug */,
				A112BAD91BAB5375000585C8 /* Release */,
			);
			defaultConfigurationIsVisible = 0;
		};
		A112BADA1BAB5375000585C8 /* Build configuration list for PBXNativeTarget "CanvasTests" */ = {
			isa = XCConfigurationList;
			buildConfigurations = (
				A112BADB1BAB5375000585C8 /* Debug */,
				A112BADC1BAB5375000585C8 /* Release */,
			);
			defaultConfigurationIsVisible = 0;
		};
/* End XCConfigurationList section */
	};
	rootObject = A112BAAC1BAB5375000585C8 /* Project object */;
}
